# THIS IS AN AUTOGENERATED FILE. DO NOT EDIT THIS FILE DIRECTLY.
# yarn lockfile v1


babel-runtime@6.x.x:
  version "6.26.0"
  resolved "https://registry.yarnpkg.com/babel-runtime/-/babel-runtime-6.26.0.tgz#965c7058668e82b55d7bfe04ff2337bc8b5647fe"
  integrity sha1-llxwWGaOgrVde/4E/yM3vItWR/4=
  dependencies:
    core-js "^2.4.0"
    regenerator-runtime "^0.11.0"

base-64@^0.1.0:
  version "0.1.0"
  resolved "https://registry.yarnpkg.com/base-64/-/base-64-0.1.0.tgz#780a99c84e7d600260361511c4877613bf24f6bb"
  integrity sha1-eAqZyE59YAJgNhURxId2E78k9rs=

core-js@^2.4.0:
  version "2.6.9"
  resolved "https://registry.yarnpkg.com/core-js/-/core-js-2.6.9.tgz#6b4b214620c834152e179323727fc19741b084f2"
  integrity sha512-HOpZf6eXmnl7la+cUdMnLvUxKNqLUzJvgIziQ0DiF3JwSImNphIqdGqzj6hIKyX04MmV0poclQ7+wjWvxQyR2A==

crypto-js@^3.1.6:
  version "3.1.8"
  resolved "https://registry.yarnpkg.com/crypto-js/-/crypto-js-3.1.8.tgz#715f070bf6014f2ae992a98b3929258b713f08d5"
  integrity sha1-cV8HC/YBTyrpkqmLOSkli3E/CNU=

ejson@^2.1.2:
  version "2.2.0"
  resolved "https://registry.yarnpkg.com/ejson/-/ejson-2.2.0.tgz#16c177cb2c064f2be8876d4a2f7f09ab704f560d"
  integrity sha512-kWa0AKAxDhmr4t6c4pgQqk6yL52/M67xOMh60HRnAeydzo5QIxOitN5bE1+e0rbdnxfly7FTB9e2Ny0ypLMbag==

eventemitter3@^1.1.0:
  version "1.2.0"
  resolved "https://registry.yarnpkg.com/eventemitter3/-/eventemitter3-1.2.0.tgz#1c86991d816ad1e504750e73874224ecf3bec508"
  integrity sha1-HIaZHYFq0eUEdQ5zh0Ik7PO+xQg=

hoist-non-react-statics@1.x.x:
  version "1.2.0"
  resolved "https://registry.yarnpkg.com/hoist-non-react-statics/-/hoist-non-react-statics-1.2.0.tgz#aa448cf0986d55cc40773b17174b7dd066cb7cfb"
  integrity sha1-qkSM8JhtVcxAdzsXF0t90GbLfPs=

invariant@2.x.x, invariant@^2.1.1:
  version "2.2.4"
  resolved "https://registry.yarnpkg.com/invariant/-/invariant-2.2.4.tgz#610f3c92c9359ce1db616e538008d23ff35158e6"
  integrity sha512-phJfQVBuaJM5raOpJjSfkiD6BpbCE4Ns//LaXl6wGYtUBY83nWS6Rf9tXm2e8VaK60JEjYldbPif/A2B1C2gNA==
  dependencies:
    loose-envify "^1.0.0"

"js-tokens@^3.0.0 || ^4.0.0":
  version "4.0.0"
  resolved "https://registry.yarnpkg.com/js-tokens/-/js-tokens-4.0.0.tgz#19203fb59991df98e3a287050d4647cdeaf32499"
  integrity sha512-RdJUflcE3cUzKiMqQgsCu06FPu9UdIJO0beYbPhHN4k6apgJtifcoCtT9bcxOpYBtpD2kCM6Sbzg4CausW/PKQ==

lodash._getnative@^3.0.0:
  version "3.9.1"
  resolved "https://registry.yarnpkg.com/lodash._getnative/-/lodash._getnative-3.9.1.tgz#570bc7dede46d61cdcde687d65d3eecbaa3aaff5"
  integrity sha1-VwvH3t5G1hzc3mh9ZdPuy6o6r/U=

lodash.isarguments@^3.0.0:
  version "3.1.0"
  resolved "https://registry.yarnpkg.com/lodash.isarguments/-/lodash.isarguments-3.1.0.tgz#2f573d85c6a24289ff00663b491c1d338ff3458a"
  integrity sha1-L1c9hcaiQon/AGY7SRwdM4/zRYo=

lodash.isarray@^3.0.0:
  version "3.0.4"
  resolved "https://registry.yarnpkg.com/lodash.isarray/-/lodash.isarray-3.0.4.tgz#79e4eb88c36a8122af86f844aa9bcd851b5fbb55"
  integrity sha1-eeTriMNqgSKvhvhEqpvNhRtfu1U=

lodash.keys@^3.1.2:
  version "3.1.2"
  resolved "https://registry.yarnpkg.com/lodash.keys/-/lodash.keys-3.1.2.tgz#4dbc0472b156be50a0b286855d1bd0b0c656098a"
  integrity sha1-TbwEcrFWvlCgsoaFXRvQsMZWCYo=
  dependencies:
    lodash._getnative "^3.0.0"
    lodash.isarguments "^3.0.0"
    lodash.isarray "^3.0.0"

lodash@~2.4.1:
  version "2.4.2"
  resolved "https://registry.yarnpkg.com/lodash/-/lodash-2.4.2.tgz#fadd834b9683073da179b3eae6d9c0d15053f73e"
  integrity sha1-+t2DS5aDBz2hebPq5tnA0VBT9z4=

loose-envify@^1.0.0, loose-envify@^1.4.0:
  version "1.4.0"
  resolved "https://registry.yarnpkg.com/loose-envify/-/loose-envify-1.4.0.tgz#71ee51fa7be4caec1a63839f7e682d8132d30caf"
  integrity sha512-lyuxPGr/Wfhrlem2CL/UcnUc1zcqKAImBDzukY7Y5F/yQiNdko6+fRLevlw1HgMySw7f611UIY408EtxRSoK3Q==
  dependencies:
    js-tokens "^3.0.0 || ^4.0.0"

minimongo-cache@0.0.48:
  version "0.0.48"
  resolved "https://registry.yarnpkg.com/minimongo-cache/-/minimongo-cache-0.0.48.tgz#a6fbb78b6627554249afeefc1243cf7cba6bea07"
  integrity sha1-pvu3i2YnVUJJr+78EkPPfLpr6gc=
  dependencies:
    eventemitter3 "^1.1.0"
    invariant "^2.1.1"
    lodash "~2.4.1"

mobx@^2.3.4:
  version "2.7.0"
  resolved "https://registry.yarnpkg.com/mobx/-/mobx-2.7.0.tgz#cf3d82d18c0ca7f458d8f2a240817b3dc7e54a01"
  integrity sha1-zz2C0YwMp/RY2PKiQIF7PcflSgE=

object-assign@^4.0.1, object-assign@^4.1.1:
  version "4.1.1"
  resolved "https://registry.yarnpkg.com/object-assign/-/object-assign-4.1.1.tgz#2109adc7965887cfc05cbbd442cac8bfbb360863"
  integrity sha1-IQmtx5ZYh8/AXLvUQsrIv7s2CGM=

performance-now@~0.2.0:
  version "0.2.0"
  resolved "https://registry.yarnpkg.com/performance-now/-/performance-now-0.2.0.tgz#33ef30c5c77d4ea21c5a53869d91b56d8f2555e5"
  integrity sha1-M+8wxcd9TqIcWlOGnZG1bY8lVeU=

prop-types@^15.5.10:
  version "15.7.2"
  resolved "https://registry.yarnpkg.com/prop-types/-/prop-types-15.7.2.tgz#52c41e75b8c87e72b9d9360e0206b99dcbffa6c5"
  integrity sha512-8QQikdH7//R2vurIJSutZ1smHYTcLpRWEOlHnzcWHmBYrOGUysKwSsrC89BCiFj3CbrfJ/nXFdJepOVrY1GCHQ==
  dependencies:
    loose-envify "^1.4.0"
    object-assign "^4.1.1"
    react-is "^16.8.1"

raf@~3.1.0:
  version "3.1.0"
  resolved "https://registry.yarnpkg.com/raf/-/raf-3.1.0.tgz#5d84bf81b57f979f8c492be08378c538bb4eecfc"
  integrity sha1-XYS/gbV/l5+MSSvgg3jFOLtO7Pw=
  dependencies:
    performance-now "~0.2.0"

react-is@^16.8.1:
  version "16.8.6"
  resolved "https://registry.yarnpkg.com/react-is/-/react-is-16.8.6.tgz#5bbc1e2d29141c9fbdfed456343fe2bc430a6a16"
  integrity sha512-aUk3bHfZ2bRSVFFbbeVS4i+lNPZr3/WM5jT2J5omUVV1zzcs1nAaf3l51ctA5FFvCRbhrH0bdAsRRQddFJZPtA==

react-komposer@^1.8.0:
  version "1.13.1"
  resolved "https://registry.yarnpkg.com/react-komposer/-/react-komposer-1.13.1.tgz#4b8ac4bcc71323bd7413dcab95c831197f50eed0"
  integrity sha1-S4rEvMcTI710E9yrlcgxGX9Q7tA=
  dependencies:
    babel-runtime "6.x.x"
    hoist-non-react-statics "1.x.x"
    invariant "2.x.x"
    mobx "^2.3.4"
    shallowequal "0.2.x"

react-mixin@^3.0.3:
  version "3.1.1"
  resolved "https://registry.yarnpkg.com/react-mixin/-/react-mixin-3.1.1.tgz#68749756bfe32699e561372a4aeecb926db72b7f"
  integrity sha512-z9fZ0aCRDjlgxLdMeWkJ9TwhmVLhQ09r8RFpin/cEPA2T6jsb7YHNWcIe0Oii+hhJNyMymdy91CSya5mRkuCkg==
  dependencies:
    object-assign "^4.0.1"
    smart-mixin "^2.0.0"

react-native-meteor@^1.4.0:
  version "1.4.0"
  resolved "https://registry.yarnpkg.com/react-native-meteor/-/react-native-meteor-1.4.0.tgz#d7ffff9ce8c6057725c3a3d72ca65746544e6618"
  integrity sha512-Bm5RGTDv7LsJqqWjaR8KCv2mpeeMMPOIeZWHSx1yeTLUnEx71jVWAbHNXmEEynyH61/NVUpwDaXZKxiw9OwhFA==
  dependencies:
    base-64 "^0.1.0"
    crypto-js "^3.1.6"
    ejson "^2.1.2"
    minimongo-cache "0.0.48"
    prop-types "^15.5.10"
    react-komposer "^1.8.0"
    react-mixin "^3.0.3"
    trackr "^2.0.2"
    underscore "^1.8.3"
    wolfy87-eventemitter "^4.3.0"

regenerator-runtime@^0.11.0:
  version "0.11.1"
  resolved "https://registry.yarnpkg.com/regenerator-runtime/-/regenerator-runtime-0.11.1.tgz#be05ad7f9bf7d22e056f9726cee5017fbf19e2e9"
  integrity sha512-MguG95oij0fC3QV3URf4V2SDYGJhJnJGqvIIgdECeODCT98wSWDAJ94SSuVpYQUoTcGUIL6L4yNB7j1DFFHSBg==

shallowequal@0.2.x:
  version "0.2.2"
  resolved "https://registry.yarnpkg.com/shallowequal/-/shallowequal-0.2.2.tgz#1e32fd5bcab6ad688a4812cb0cc04efc75c7014e"
  integrity sha1-HjL9W8q2rWiKSBLLDMBO/HXHAU4=
  dependencies:
    lodash.keys "^3.1.2"

smart-mixin@^2.0.0:
  version "2.0.0"
  resolved "https://registry.yarnpkg.com/smart-mixin/-/smart-mixin-2.0.0.tgz#a34a1055e32a75b30d2b4e3ca323dc99cb53f437"
  integrity sha1-o0oQVeMqdbMNK048oyPcmctT9Dc=

trackr@^2.0.2:
  version "2.0.2"
  resolved "https://registry.yarnpkg.com/trackr/-/trackr-2.0.2.tgz#ee38b13b580b30df5e8e0270d1cf3d0212c4745e"
  integrity sha1-7jixO1gLMN9ejgJw0c89AhLEdF4=
  dependencies:
    raf "~3.1.0"

underscore@^1.8.3:
  version "1.9.1"
  resolved "https://registry.yarnpkg.com/underscore/-/underscore-1.9.1.tgz#06dce34a0e68a7babc29b365b8e74b8925203961"
  integrity sha512-5/4etnCkd9c8gwgowi5/om/mYO5ajCaOgdzj/oW+0eQV9WxKBDZw5+ycmKmeaTXjInS/W0BzpGLo2xR2aBwZdg==

wolfy87-eventemitter@^4.3.0:
  version "4.3.0"
  resolved "https://registry.yarnpkg.com/wolfy87-eventemitter/-/wolfy87-eventemitter-4.3.0.tgz#6497396c95e74359f06b6e35409339318d8d964f"
  integrity sha1-ZJc5bJXnQ1nwa241QJM5MY2Nlk8=
